
Microsoft Visual Studio Solution File, Format Version 12.00
# Visual Studio Version 17
VisualStudioVersion = 17.8.34330.188
MinimumVisualStudioVersion = 10.0.40219.1
Project("{8BC9CEB8-8B4A-11D0-8D11-00A0C91BC942}") = "Project1", "Project1\Project1.vcxproj", "{DA011B17-80C0-47A0-A664-0F297668BF8C}"
EndProject
Project("{8BC9CEB8-8B4A-11D0-8D11-00A0C91BC942}") = "RefEx", "RefEx\RefEx.vcxproj", "{CE2CF6DE-5868-455E-8AC5-775089AE1142}"
EndProject
Project("{8BC9CEB8-8B4A-11D0-8D11-00A0C91BC942}") = "ClassMemory", "ClassMemory\ClassMemory.vcxproj", "{157B0AC2-2073-48E0-A903-290E7128FE26}"
EndProject
Project("{8BC9CEB8-8B4A-11D0-8D11-00A0C91BC942}") = "this", "this\this.vcxproj", "{E55BA59A-5C00-4456-B899-427BD540B910}"
EndProject
Project("{8BC9CEB8-8B4A-11D0-8D11-00A0C91BC942}") = "DeclarationAndRealization", "DeclarationAndRealization\DeclarationAndRealization.vcxproj", "{F07E7CC5-1AB7-430E-B74D-4B04F4AD087A}"
EndProject
Project("{8BC9CEB8-8B4A-11D0-8D11-00A0C91BC942}") = "HeaderAndCpp", "HeaderAndCpp\HeaderAndCpp.vcxproj", "{844EE9AD-4C1F-42EC-9AF9-A38A0B3EEFE3}"
EndProject
Project("{8BC9CEB8-8B4A-11D0-8D11-00A0C91BC942}") = "CompileEx", "CompileEx\CompileEx.vcxproj", "{4B1BD4BF-F3C2-4526-8726-6DB9B675AB54}"
EndProject
Project("{8BC9CEB8-8B4A-11D0-8D11-00A0C91BC942}") = "InHeritance", "InHeritance\InHeritance.vcxproj", "{C34E93EA-7F8A-4949-8C1B-6B32D6EE47D9}"
EndProject
Project("{2150E333-8FDC-42A3-9474-1A3956D46DE8}") = "HW", "HW", "{FD8627C0-EB31-4B51-A213-E25F56EC7D94}"
EndProject
Project("{8BC9CEB8-8B4A-11D0-8D11-00A0C91BC942}") = "WorkSpace", "WorkSpace\WorkSpace.vcxproj", "{8B144EC7-61AE-4B79-B7D3-B3B3957E9335}"
EndProject
Project("{8BC9CEB8-8B4A-11D0-8D11-00A0C91BC942}") = "Virtual", "Virtual\Virtual.vcxproj", "{1F4FEE51-25A9-4089-9F94-40D5C306F012}"
EndProject
Project("{8BC9CEB8-8B4A-11D0-8D11-00A0C91BC942}") = "TextRpg", "TextRpg\TextRpg.vcxproj", "{BE03D7C9-02C0-4833-A6BF-67D3AE2C3F69}"
EndProject
Project("{8BC9CEB8-8B4A-11D0-8D11-00A0C91BC942}") = "FunctionPointer", "FunctionPointer\FunctionPointer.vcxproj", "{EF6FAF90-8D8A-4111-89A0-1A72384FA1F2}"
EndProject
Project("{8BC9CEB8-8B4A-11D0-8D11-00A0C91BC942}") = "VPTRTable", "VPTRTable\VPTRTable.vcxproj", "{436094EF-0C86-493F-8757-47BD86B0911F}"
EndProject
Project("{8BC9CEB8-8B4A-11D0-8D11-00A0C91BC942}") = "Enum", "Enum\Enum.vcxproj", "{2BF0FD9B-11D1-4247-9069-2AAACF783C59}"
EndProject
Project("{8BC9CEB8-8B4A-11D0-8D11-00A0C91BC942}") = "NameSpace", "NameSpace\NameSpace.vcxproj", "{557974CB-4F1D-40F5-BDCA-2F0F75EF6B7B}"
EndProject
Project("{8BC9CEB8-8B4A-11D0-8D11-00A0C91BC942}") = "MyCout", "MyCout\MyCout.vcxproj", "{C6C5F3D1-80E8-4BC3-8F1F-426DCBA3A9A7}"
EndProject
Project("{8BC9CEB8-8B4A-11D0-8D11-00A0C91BC942}") = "New", "New\New.vcxproj", "{04354A46-3C06-4640-81F1-5B6420B15273}"
EndProject
Project("{8BC9CEB8-8B4A-11D0-8D11-00A0C91BC942}") = "StringContains", "StringContains\StringContains.vcxproj", "{160B4ACC-A49E-4A15-95CD-E815A5DFA032}"
EndProject
Project("{2150E333-8FDC-42A3-9474-1A3956D46DE8}") = "Game", "Game", "{4EAE6A76-4580-4677-962E-620D960F720D}"
EndProject
Project("{8BC9CEB8-8B4A-11D0-8D11-00A0C91BC942}") = "Galaga", "Galaga\Galaga.vcxproj", "{83419DD8-F278-4D38-B508-8F79A7B3719D}"
EndProject
Project("{2150E333-8FDC-42A3-9474-1A3956D46DE8}") = "Engine", "Engine", "{1C927962-7A1D-4E7D-8FEB-F598F80DE377}"
EndProject
Project("{8BC9CEB8-8B4A-11D0-8D11-00A0C91BC942}") = "ConsoleEngine", "ConsoleEngine\ConsoleEngine.vcxproj", "{AF6E1467-44C7-4198-AD09-DBC7DAD7C249}"
EndProject
Project("{2150E333-8FDC-42A3-9474-1A3956D46DE8}") = "DataStructure", "DataStructure", "{3D9C380B-2703-400B-8B27-DE00EBB07028}"
EndProject
Project("{8BC9CEB8-8B4A-11D0-8D11-00A0C91BC942}") = "Array", "Array\Array.vcxproj", "{E7F4FB94-1706-4052-9A70-259A31BE93FC}"
EndProject
Project("{8BC9CEB8-8B4A-11D0-8D11-00A0C91BC942}") = "Template", "Template\Template.vcxproj", "{CC2C07DA-4A6C-46AD-BDD5-5F2DACE45F35}"
EndProject
Project("{8BC9CEB8-8B4A-11D0-8D11-00A0C91BC942}") = "ClassTemplate", "ClassTemplate\ClassTemplate.vcxproj", "{BEB0386F-FDFE-4F84-A817-AB6FBF5E16BE}"
EndProject
Project("{8BC9CEB8-8B4A-11D0-8D11-00A0C91BC942}") = "ArrayEx", "ArrayEx\ArrayEx.vcxproj", "{3FAD5C40-D218-491B-A3FB-4D740984058E}"
EndProject
Project("{8BC9CEB8-8B4A-11D0-8D11-00A0C91BC942}") = "CVector", "CVector\CVector.vcxproj", "{ADA10758-DF73-4379-997E-56CA3B5DB888}"
EndProject
Project("{8BC9CEB8-8B4A-11D0-8D11-00A0C91BC942}") = "Node", "Node\Node.vcxproj", "{CE56B962-3791-4867-86A7-6F2E4A070F06}"
EndProject
Project("{8BC9CEB8-8B4A-11D0-8D11-00A0C91BC942}") = "CList", "CList\CList.vcxproj", "{7D0D3F72-9655-4AC2-9D7E-D4821E254091}"
EndProject
Project("{8BC9CEB8-8B4A-11D0-8D11-00A0C91BC942}") = "Friend", "Friend\Friend.vcxproj", "{50E68AD4-85E8-4287-A579-C4FB06483CD9}"
EndProject
Project("{8BC9CEB8-8B4A-11D0-8D11-00A0C91BC942}") = "CMap", "CMap\CMap.vcxproj", "{B6FE6E84-1021-4F6F-9DB1-E781F204C7C1}"
EndProject
Project("{8BC9CEB8-8B4A-11D0-8D11-00A0C91BC942}") = "Recursive", "Recursive\Recursive.vcxproj", "{2310A500-E202-44A6-B60D-A271F0CC69F6}"
EndProject
Project("{8BC9CEB8-8B4A-11D0-8D11-00A0C91BC942}") = "SnakeGame", "SnakeGame\SnakeGame.vcxproj", "{E2CB55B9-BF56-477B-A7A4-16B59388570A}"
EndProject
Project("{8BC9CEB8-8B4A-11D0-8D11-00A0C91BC942}") = "StaticMember", "StaticMember\StaticMember.vcxproj", "{0484907F-32FA-4671-8DD9-445063F32F39}"
EndProject
Global
	GlobalSection(SolutionConfigurationPlatforms) = preSolution
		Debug|x64 = Debug|x64
		Debug|x86 = Debug|x86
		Release|x64 = Release|x64
		Release|x86 = Release|x86
	EndGlobalSection
	GlobalSection(ProjectConfigurationPlatforms) = postSolution
		{DA011B17-80C0-47A0-A664-0F297668BF8C}.Debug|x64.ActiveCfg = Debug|x64
		{DA011B17-80C0-47A0-A664-0F297668BF8C}.Debug|x64.Build.0 = Debug|x64
		{DA011B17-80C0-47A0-A664-0F297668BF8C}.Debug|x86.ActiveCfg = Debug|Win32
		{DA011B17-80C0-47A0-A664-0F297668BF8C}.Debug|x86.Build.0 = Debug|Win32
		{DA011B17-80C0-47A0-A664-0F297668BF8C}.Release|x64.ActiveCfg = Release|x64
		{DA011B17-80C0-47A0-A664-0F297668BF8C}.Release|x64.Build.0 = Release|x64
		{DA011B17-80C0-47A0-A664-0F297668BF8C}.Release|x86.ActiveCfg = Release|Win32
		{DA011B17-80C0-47A0-A664-0F297668BF8C}.Release|x86.Build.0 = Release|Win32
		{CE2CF6DE-5868-455E-8AC5-775089AE1142}.Debug|x64.ActiveCfg = Debug|x64
		{CE2CF6DE-5868-455E-8AC5-775089AE1142}.Debug|x64.Build.0 = Debug|x64
		{CE2CF6DE-5868-455E-8AC5-775089AE1142}.Debug|x86.ActiveCfg = Debug|Win32
		{CE2CF6DE-5868-455E-8AC5-775089AE1142}.Debug|x86.Build.0 = Debug|Win32
		{CE2CF6DE-5868-455E-8AC5-775089AE1142}.Release|x64.ActiveCfg = Release|x64
		{CE2CF6DE-5868-455E-8AC5-775089AE1142}.Release|x64.Build.0 = Release|x64
		{CE2CF6DE-5868-455E-8AC5-775089AE1142}.Release|x86.ActiveCfg = Release|Win32
		{CE2CF6DE-5868-455E-8AC5-775089AE1142}.Release|x86.Build.0 = Release|Win32
		{157B0AC2-2073-48E0-A903-290E7128FE26}.Debug|x64.ActiveCfg = Debug|x64
		{157B0AC2-2073-48E0-A903-290E7128FE26}.Debug|x64.Build.0 = Debug|x64
		{157B0AC2-2073-48E0-A903-290E7128FE26}.Debug|x86.ActiveCfg = Debug|Win32
		{157B0AC2-2073-48E0-A903-290E7128FE26}.Debug|x86.Build.0 = Debug|Win32
		{157B0AC2-2073-48E0-A903-290E7128FE26}.Release|x64.ActiveCfg = Release|x64
		{157B0AC2-2073-48E0-A903-290E7128FE26}.Release|x64.Build.0 = Release|x64
		{157B0AC2-2073-48E0-A903-290E7128FE26}.Release|x86.ActiveCfg = Release|Win32
		{157B0AC2-2073-48E0-A903-290E7128FE26}.Release|x86.Build.0 = Release|Win32
		{E55BA59A-5C00-4456-B899-427BD540B910}.Debug|x64.ActiveCfg = Debug|x64
		{E55BA59A-5C00-4456-B899-427BD540B910}.Debug|x64.Build.0 = Debug|x64
		{E55BA59A-5C00-4456-B899-427BD540B910}.Debug|x86.ActiveCfg = Debug|Win32
		{E55BA59A-5C00-4456-B899-427BD540B910}.Debug|x86.Build.0 = Debug|Win32
		{E55BA59A-5C00-4456-B899-427BD540B910}.Release|x64.ActiveCfg = Release|x64
		{E55BA59A-5C00-4456-B899-427BD540B910}.Release|x64.Build.0 = Release|x64
		{E55BA59A-5C00-4456-B899-427BD540B910}.Release|x86.ActiveCfg = Release|Win32
		{E55BA59A-5C00-4456-B899-427BD540B910}.Release|x86.Build.0 = Release|Win32
		{F07E7CC5-1AB7-430E-B74D-4B04F4AD087A}.Debug|x64.ActiveCfg = Debug|x64
		{F07E7CC5-1AB7-430E-B74D-4B04F4AD087A}.Debug|x64.Build.0 = Debug|x64
		{F07E7CC5-1AB7-430E-B74D-4B04F4AD087A}.Debug|x86.ActiveCfg = Debug|Win32
		{F07E7CC5-1AB7-430E-B74D-4B04F4AD087A}.Debug|x86.Build.0 = Debug|Win32
		{F07E7CC5-1AB7-430E-B74D-4B04F4AD087A}.Release|x64.ActiveCfg = Release|x64
		{F07E7CC5-1AB7-430E-B74D-4B04F4AD087A}.Release|x64.Build.0 = Release|x64
		{F07E7CC5-1AB7-430E-B74D-4B04F4AD087A}.Release|x86.ActiveCfg = Release|Win32
		{F07E7CC5-1AB7-430E-B74D-4B04F4AD087A}.Release|x86.Build.0 = Release|Win32
		{844EE9AD-4C1F-42EC-9AF9-A38A0B3EEFE3}.Debug|x64.ActiveCfg = Debug|x64
		{844EE9AD-4C1F-42EC-9AF9-A38A0B3EEFE3}.Debug|x64.Build.0 = Debug|x64
		{844EE9AD-4C1F-42EC-9AF9-A38A0B3EEFE3}.Debug|x86.ActiveCfg = Debug|Win32
		{844EE9AD-4C1F-42EC-9AF9-A38A0B3EEFE3}.Debug|x86.Build.0 = Debug|Win32
		{844EE9AD-4C1F-42EC-9AF9-A38A0B3EEFE3}.Release|x64.ActiveCfg = Release|x64
		{844EE9AD-4C1F-42EC-9AF9-A38A0B3EEFE3}.Release|x64.Build.0 = Release|x64
		{844EE9AD-4C1F-42EC-9AF9-A38A0B3EEFE3}.Release|x86.ActiveCfg = Release|Win32
		{844EE9AD-4C1F-42EC-9AF9-A38A0B3EEFE3}.Release|x86.Build.0 = Release|Win32
		{4B1BD4BF-F3C2-4526-8726-6DB9B675AB54}.Debug|x64.ActiveCfg = Debug|x64
		{4B1BD4BF-F3C2-4526-8726-6DB9B675AB54}.Debug|x64.Build.0 = Debug|x64
		{4B1BD4BF-F3C2-4526-8726-6DB9B675AB54}.Debug|x86.ActiveCfg = Debug|Win32
		{4B1BD4BF-F3C2-4526-8726-6DB9B675AB54}.Debug|x86.Build.0 = Debug|Win32
		{4B1BD4BF-F3C2-4526-8726-6DB9B675AB54}.Release|x64.ActiveCfg = Release|x64
		{4B1BD4BF-F3C2-4526-8726-6DB9B675AB54}.Release|x64.Build.0 = Release|x64
		{4B1BD4BF-F3C2-4526-8726-6DB9B675AB54}.Release|x86.ActiveCfg = Release|Win32
		{4B1BD4BF-F3C2-4526-8726-6DB9B675AB54}.Release|x86.Build.0 = Release|Win32
		{C34E93EA-7F8A-4949-8C1B-6B32D6EE47D9}.Debug|x64.ActiveCfg = Debug|x64
		{C34E93EA-7F8A-4949-8C1B-6B32D6EE47D9}.Debug|x64.Build.0 = Debug|x64
		{C34E93EA-7F8A-4949-8C1B-6B32D6EE47D9}.Debug|x86.ActiveCfg = Debug|Win32
		{C34E93EA-7F8A-4949-8C1B-6B32D6EE47D9}.Debug|x86.Build.0 = Debug|Win32
		{C34E93EA-7F8A-4949-8C1B-6B32D6EE47D9}.Release|x64.ActiveCfg = Release|x64
		{C34E93EA-7F8A-4949-8C1B-6B32D6EE47D9}.Release|x64.Build.0 = Release|x64
		{C34E93EA-7F8A-4949-8C1B-6B32D6EE47D9}.Release|x86.ActiveCfg = Release|Win32
		{C34E93EA-7F8A-4949-8C1B-6B32D6EE47D9}.Release|x86.Build.0 = Release|Win32
		{8B144EC7-61AE-4B79-B7D3-B3B3957E9335}.Debug|x64.ActiveCfg = Debug|x64
		{8B144EC7-61AE-4B79-B7D3-B3B3957E9335}.Debug|x64.Build.0 = Debug|x64
		{8B144EC7-61AE-4B79-B7D3-B3B3957E9335}.Debug|x86.ActiveCfg = Debug|Win32
		{8B144EC7-61AE-4B79-B7D3-B3B3957E9335}.Debug|x86.Build.0 = Debug|Win32
		{8B144EC7-61AE-4B79-B7D3-B3B3957E9335}.Release|x64.ActiveCfg = Release|x64
		{8B144EC7-61AE-4B79-B7D3-B3B3957E9335}.Release|x64.Build.0 = Release|x64
		{8B144EC7-61AE-4B79-B7D3-B3B3957E9335}.Release|x86.ActiveCfg = Release|Win32
		{8B144EC7-61AE-4B79-B7D3-B3B3957E9335}.Release|x86.Build.0 = Release|Win32
		{1F4FEE51-25A9-4089-9F94-40D5C306F012}.Debug|x64.ActiveCfg = Debug|x64
		{1F4FEE51-25A9-4089-9F94-40D5C306F012}.Debug|x64.Build.0 = Debug|x64
		{1F4FEE51-25A9-4089-9F94-40D5C306F012}.Debug|x86.ActiveCfg = Debug|Win32
		{1F4FEE51-25A9-4089-9F94-40D5C306F012}.Debug|x86.Build.0 = Debug|Win32
		{1F4FEE51-25A9-4089-9F94-40D5C306F012}.Release|x64.ActiveCfg = Release|x64
		{1F4FEE51-25A9-4089-9F94-40D5C306F012}.Release|x64.Build.0 = Release|x64
		{1F4FEE51-25A9-4089-9F94-40D5C306F012}.Release|x86.ActiveCfg = Release|Win32
		{1F4FEE51-25A9-4089-9F94-40D5C306F012}.Release|x86.Build.0 = Release|Win32
		{BE03D7C9-02C0-4833-A6BF-67D3AE2C3F69}.Debug|x64.ActiveCfg = Debug|x64
		{BE03D7C9-02C0-4833-A6BF-67D3AE2C3F69}.Debug|x64.Build.0 = Debug|x64
		{BE03D7C9-02C0-4833-A6BF-67D3AE2C3F69}.Debug|x86.ActiveCfg = Debug|Win32
		{BE03D7C9-02C0-4833-A6BF-67D3AE2C3F69}.Debug|x86.Build.0 = Debug|Win32
		{BE03D7C9-02C0-4833-A6BF-67D3AE2C3F69}.Release|x64.ActiveCfg = Release|x64
		{BE03D7C9-02C0-4833-A6BF-67D3AE2C3F69}.Release|x64.Build.0 = Release|x64
		{BE03D7C9-02C0-4833-A6BF-67D3AE2C3F69}.Release|x86.ActiveCfg = Release|Win32
		{BE03D7C9-02C0-4833-A6BF-67D3AE2C3F69}.Release|x86.Build.0 = Release|Win32
		{EF6FAF90-8D8A-4111-89A0-1A72384FA1F2}.Debug|x64.ActiveCfg = Debug|x64
		{EF6FAF90-8D8A-4111-89A0-1A72384FA1F2}.Debug|x64.Build.0 = Debug|x64
		{EF6FAF90-8D8A-4111-89A0-1A72384FA1F2}.Debug|x86.ActiveCfg = Debug|Win32
		{EF6FAF90-8D8A-4111-89A0-1A72384FA1F2}.Debug|x86.Build.0 = Debug|Win32
		{EF6FAF90-8D8A-4111-89A0-1A72384FA1F2}.Release|x64.ActiveCfg = Release|x64
		{EF6FAF90-8D8A-4111-89A0-1A72384FA1F2}.Release|x64.Build.0 = Release|x64
		{EF6FAF90-8D8A-4111-89A0-1A72384FA1F2}.Release|x86.ActiveCfg = Release|Win32
		{EF6FAF90-8D8A-4111-89A0-1A72384FA1F2}.Release|x86.Build.0 = Release|Win32
		{436094EF-0C86-493F-8757-47BD86B0911F}.Debug|x64.ActiveCfg = Debug|x64
		{436094EF-0C86-493F-8757-47BD86B0911F}.Debug|x64.Build.0 = Debug|x64
		{436094EF-0C86-493F-8757-47BD86B0911F}.Debug|x86.ActiveCfg = Debug|Win32
		{436094EF-0C86-493F-8757-47BD86B0911F}.Debug|x86.Build.0 = Debug|Win32
		{436094EF-0C86-493F-8757-47BD86B0911F}.Release|x64.ActiveCfg = Release|x64
		{436094EF-0C86-493F-8757-47BD86B0911F}.Release|x64.Build.0 = Release|x64
		{436094EF-0C86-493F-8757-47BD86B0911F}.Release|x86.ActiveCfg = Release|Win32
		{436094EF-0C86-493F-8757-47BD86B0911F}.Release|x86.Build.0 = Release|Win32
		{2BF0FD9B-11D1-4247-9069-2AAACF783C59}.Debug|x64.ActiveCfg = Debug|x64
		{2BF0FD9B-11D1-4247-9069-2AAACF783C59}.Debug|x64.Build.0 = Debug|x64
		{2BF0FD9B-11D1-4247-9069-2AAACF783C59}.Debug|x86.ActiveCfg = Debug|Win32
		{2BF0FD9B-11D1-4247-9069-2AAACF783C59}.Debug|x86.Build.0 = Debug|Win32
		{2BF0FD9B-11D1-4247-9069-2AAACF783C59}.Release|x64.ActiveCfg = Release|x64
		{2BF0FD9B-11D1-4247-9069-2AAACF783C59}.Release|x64.Build.0 = Release|x64
		{2BF0FD9B-11D1-4247-9069-2AAACF783C59}.Release|x86.ActiveCfg = Release|Win32
		{2BF0FD9B-11D1-4247-9069-2AAACF783C59}.Release|x86.Build.0 = Release|Win32
		{557974CB-4F1D-40F5-BDCA-2F0F75EF6B7B}.Debug|x64.ActiveCfg = Debug|x64
		{557974CB-4F1D-40F5-BDCA-2F0F75EF6B7B}.Debug|x64.Build.0 = Debug|x64
		{557974CB-4F1D-40F5-BDCA-2F0F75EF6B7B}.Debug|x86.ActiveCfg = Debug|Win32
		{557974CB-4F1D-40F5-BDCA-2F0F75EF6B7B}.Debug|x86.Build.0 = Debug|Win32
		{557974CB-4F1D-40F5-BDCA-2F0F75EF6B7B}.Release|x64.ActiveCfg = Release|x64
		{557974CB-4F1D-40F5-BDCA-2F0F75EF6B7B}.Release|x64.Build.0 = Release|x64
		{557974CB-4F1D-40F5-BDCA-2F0F75EF6B7B}.Release|x86.ActiveCfg = Release|Win32
		{557974CB-4F1D-40F5-BDCA-2F0F75EF6B7B}.Release|x86.Build.0 = Release|Win32
		{C6C5F3D1-80E8-4BC3-8F1F-426DCBA3A9A7}.Debug|x64.ActiveCfg = Debug|x64
		{C6C5F3D1-80E8-4BC3-8F1F-426DCBA3A9A7}.Debug|x64.Build.0 = Debug|x64
		{C6C5F3D1-80E8-4BC3-8F1F-426DCBA3A9A7}.Debug|x86.ActiveCfg = Debug|Win32
		{C6C5F3D1-80E8-4BC3-8F1F-426DCBA3A9A7}.Debug|x86.Build.0 = Debug|Win32
		{C6C5F3D1-80E8-4BC3-8F1F-426DCBA3A9A7}.Release|x64.ActiveCfg = Release|x64
		{C6C5F3D1-80E8-4BC3-8F1F-426DCBA3A9A7}.Release|x64.Build.0 = Release|x64
		{C6C5F3D1-80E8-4BC3-8F1F-426DCBA3A9A7}.Release|x86.ActiveCfg = Release|Win32
		{C6C5F3D1-80E8-4BC3-8F1F-426DCBA3A9A7}.Release|x86.Build.0 = Release|Win32
		{04354A46-3C06-4640-81F1-5B6420B15273}.Debug|x64.ActiveCfg = Debug|x64
		{04354A46-3C06-4640-81F1-5B6420B15273}.Debug|x64.Build.0 = Debug|x64
		{04354A46-3C06-4640-81F1-5B6420B15273}.Debug|x86.ActiveCfg = Debug|Win32
		{04354A46-3C06-4640-81F1-5B6420B15273}.Debug|x86.Build.0 = Debug|Win32
		{04354A46-3C06-4640-81F1-5B6420B15273}.Release|x64.ActiveCfg = Release|x64
		{04354A46-3C06-4640-81F1-5B6420B15273}.Release|x64.Build.0 = Release|x64
		{04354A46-3C06-4640-81F1-5B6420B15273}.Release|x86.ActiveCfg = Release|Win32
		{04354A46-3C06-4640-81F1-5B6420B15273}.Release|x86.Build.0 = Release|Win32
		{160B4ACC-A49E-4A15-95CD-E815A5DFA032}.Debug|x64.ActiveCfg = Debug|x64
		{160B4ACC-A49E-4A15-95CD-E815A5DFA032}.Debug|x64.Build.0 = Debug|x64
		{160B4ACC-A49E-4A15-95CD-E815A5DFA032}.Debug|x86.ActiveCfg = Debug|Win32
		{160B4ACC-A49E-4A15-95CD-E815A5DFA032}.Debug|x86.Build.0 = Debug|Win32
		{160B4ACC-A49E-4A15-95CD-E815A5DFA032}.Release|x64.ActiveCfg = Release|x64
		{160B4ACC-A49E-4A15-95CD-E815A5DFA032}.Release|x64.Build.0 = Release|x64
		{160B4ACC-A49E-4A15-95CD-E815A5DFA032}.Release|x86.ActiveCfg = Release|Win32
		{160B4ACC-A49E-4A15-95CD-E815A5DFA032}.Release|x86.Build.0 = Release|Win32
		{83419DD8-F278-4D38-B508-8F79A7B3719D}.Debug|x64.ActiveCfg = Debug|x64
		{83419DD8-F278-4D38-B508-8F79A7B3719D}.Debug|x64.Build.0 = Debug|x64
		{83419DD8-F278-4D38-B508-8F79A7B3719D}.Debug|x86.ActiveCfg = Debug|Win32
		{83419DD8-F278-4D38-B508-8F79A7B3719D}.Debug|x86.Build.0 = Debug|Win32
		{83419DD8-F278-4D38-B508-8F79A7B3719D}.Release|x64.ActiveCfg = Release|x64
		{83419DD8-F278-4D38-B508-8F79A7B3719D}.Release|x64.Build.0 = Release|x64
		{83419DD8-F278-4D38-B508-8F79A7B3719D}.Release|x86.ActiveCfg = Release|Win32
		{83419DD8-F278-4D38-B508-8F79A7B3719D}.Release|x86.Build.0 = Release|Win32
		{AF6E1467-44C7-4198-AD09-DBC7DAD7C249}.Debug|x64.ActiveCfg = Debug|x64
		{AF6E1467-44C7-4198-AD09-DBC7DAD7C249}.Debug|x64.Build.0 = Debug|x64
		{AF6E1467-44C7-4198-AD09-DBC7DAD7C249}.Debug|x86.ActiveCfg = Debug|Win32
		{AF6E1467-44C7-4198-AD09-DBC7DAD7C249}.Debug|x86.Build.0 = Debug|Win32
		{AF6E1467-44C7-4198-AD09-DBC7DAD7C249}.Release|x64.ActiveCfg = Release|x64
		{AF6E1467-44C7-4198-AD09-DBC7DAD7C249}.Release|x64.Build.0 = Release|x64
		{AF6E1467-44C7-4198-AD09-DBC7DAD7C249}.Release|x86.ActiveCfg = Release|Win32
		{AF6E1467-44C7-4198-AD09-DBC7DAD7C249}.Release|x86.Build.0 = Release|Win32
		{E7F4FB94-1706-4052-9A70-259A31BE93FC}.Debug|x64.ActiveCfg = Debug|x64
		{E7F4FB94-1706-4052-9A70-259A31BE93FC}.Debug|x64.Build.0 = Debug|x64
		{E7F4FB94-1706-4052-9A70-259A31BE93FC}.Debug|x86.ActiveCfg = Debug|Win32
		{E7F4FB94-1706-4052-9A70-259A31BE93FC}.Debug|x86.Build.0 = Debug|Win32
		{E7F4FB94-1706-4052-9A70-259A31BE93FC}.Release|x64.ActiveCfg = Release|x64
		{E7F4FB94-1706-4052-9A70-259A31BE93FC}.Release|x64.Build.0 = Release|x64
		{E7F4FB94-1706-4052-9A70-259A31BE93FC}.Release|x86.ActiveCfg = Release|Win32
		{E7F4FB94-1706-4052-9A70-259A31BE93FC}.Release|x86.Build.0 = Release|Win32
		{CC2C07DA-4A6C-46AD-BDD5-5F2DACE45F35}.Debug|x64.ActiveCfg = Debug|x64
		{CC2C07DA-4A6C-46AD-BDD5-5F2DACE45F35}.Debug|x64.Build.0 = Debug|x64
		{CC2C07DA-4A6C-46AD-BDD5-5F2DACE45F35}.Debug|x86.ActiveCfg = Debug|Win32
		{CC2C07DA-4A6C-46AD-BDD5-5F2DACE45F35}.Debug|x86.Build.0 = Debug|Win32
		{CC2C07DA-4A6C-46AD-BDD5-5F2DACE45F35}.Release|x64.ActiveCfg = Release|x64
		{CC2C07DA-4A6C-46AD-BDD5-5F2DACE45F35}.Release|x64.Build.0 = Release|x64
		{CC2C07DA-4A6C-46AD-BDD5-5F2DACE45F35}.Release|x86.ActiveCfg = Release|Win32
		{CC2C07DA-4A6C-46AD-BDD5-5F2DACE45F35}.Release|x86.Build.0 = Release|Win32
		{BEB0386F-FDFE-4F84-A817-AB6FBF5E16BE}.Debug|x64.ActiveCfg = Debug|x64
		{BEB0386F-FDFE-4F84-A817-AB6FBF5E16BE}.Debug|x64.Build.0 = Debug|x64
		{BEB0386F-FDFE-4F84-A817-AB6FBF5E16BE}.Debug|x86.ActiveCfg = Debug|Win32
		{BEB0386F-FDFE-4F84-A817-AB6FBF5E16BE}.Debug|x86.Build.0 = Debug|Win32
		{BEB0386F-FDFE-4F84-A817-AB6FBF5E16BE}.Release|x64.ActiveCfg = Release|x64
		{BEB0386F-FDFE-4F84-A817-AB6FBF5E16BE}.Release|x64.Build.0 = Release|x64
		{BEB0386F-FDFE-4F84-A817-AB6FBF5E16BE}.Release|x86.ActiveCfg = Release|Win32
		{BEB0386F-FDFE-4F84-A817-AB6FBF5E16BE}.Release|x86.Build.0 = Release|Win32
		{3FAD5C40-D218-491B-A3FB-4D740984058E}.Debug|x64.ActiveCfg = Debug|x64
		{3FAD5C40-D218-491B-A3FB-4D740984058E}.Debug|x64.Build.0 = Debug|x64
		{3FAD5C40-D218-491B-A3FB-4D740984058E}.Debug|x86.ActiveCfg = Debug|Win32
		{3FAD5C40-D218-491B-A3FB-4D740984058E}.Debug|x86.Build.0 = Debug|Win32
		{3FAD5C40-D218-491B-A3FB-4D740984058E}.Release|x64.ActiveCfg = Release|x64
		{3FAD5C40-D218-491B-A3FB-4D740984058E}.Release|x64.Build.0 = Release|x64
		{3FAD5C40-D218-491B-A3FB-4D740984058E}.Release|x86.ActiveCfg = Release|Win32
		{3FAD5C40-D218-491B-A3FB-4D740984058E}.Release|x86.Build.0 = Release|Win32
		{ADA10758-DF73-4379-997E-56CA3B5DB888}.Debug|x64.ActiveCfg = Debug|x64
		{ADA10758-DF73-4379-997E-56CA3B5DB888}.Debug|x64.Build.0 = Debug|x64
		{ADA10758-DF73-4379-997E-56CA3B5DB888}.Debug|x86.ActiveCfg = Debug|Win32
		{ADA10758-DF73-4379-997E-56CA3B5DB888}.Debug|x86.Build.0 = Debug|Win32
		{ADA10758-DF73-4379-997E-56CA3B5DB888}.Release|x64.ActiveCfg = Release|x64
		{ADA10758-DF73-4379-997E-56CA3B5DB888}.Release|x64.Build.0 = Release|x64
		{ADA10758-DF73-4379-997E-56CA3B5DB888}.Release|x86.ActiveCfg = Release|Win32
		{ADA10758-DF73-4379-997E-56CA3B5DB888}.Release|x86.Build.0 = Release|Win32
		{CE56B962-3791-4867-86A7-6F2E4A070F06}.Debug|x64.ActiveCfg = Debug|x64
		{CE56B962-3791-4867-86A7-6F2E4A070F06}.Debug|x64.Build.0 = Debug|x64
		{CE56B962-3791-4867-86A7-6F2E4A070F06}.Debug|x86.ActiveCfg = Debug|Win32
		{CE56B962-3791-4867-86A7-6F2E4A070F06}.Debug|x86.Build.0 = Debug|Win32
		{CE56B962-3791-4867-86A7-6F2E4A070F06}.Release|x64.ActiveCfg = Release|x64
		{CE56B962-3791-4867-86A7-6F2E4A070F06}.Release|x64.Build.0 = Release|x64
		{CE56B962-3791-4867-86A7-6F2E4A070F06}.Release|x86.ActiveCfg = Release|Win32
		{CE56B962-3791-4867-86A7-6F2E4A070F06}.Release|x86.Build.0 = Release|Win32
		{7D0D3F72-9655-4AC2-9D7E-D4821E254091}.Debug|x64.ActiveCfg = Debug|x64
		{7D0D3F72-9655-4AC2-9D7E-D4821E254091}.Debug|x64.Build.0 = Debug|x64
		{7D0D3F72-9655-4AC2-9D7E-D4821E254091}.Debug|x86.ActiveCfg = Debug|Win32
		{7D0D3F72-9655-4AC2-9D7E-D4821E254091}.Debug|x86.Build.0 = Debug|Win32
		{7D0D3F72-9655-4AC2-9D7E-D4821E254091}.Release|x64.ActiveCfg = Release|x64
		{7D0D3F72-9655-4AC2-9D7E-D4821E254091}.Release|x64.Build.0 = Release|x64
		{7D0D3F72-9655-4AC2-9D7E-D4821E254091}.Release|x86.ActiveCfg = Release|Win32
		{7D0D3F72-9655-4AC2-9D7E-D4821E254091}.Release|x86.Build.0 = Release|Win32
		{50E68AD4-85E8-4287-A579-C4FB06483CD9}.Debug|x64.ActiveCfg = Debug|x64
		{50E68AD4-85E8-4287-A579-C4FB06483CD9}.Debug|x64.Build.0 = Debug|x64
		{50E68AD4-85E8-4287-A579-C4FB06483CD9}.Debug|x86.ActiveCfg = Debug|Win32
		{50E68AD4-85E8-4287-A579-C4FB06483CD9}.Debug|x86.Build.0 = Debug|Win32
		{50E68AD4-85E8-4287-A579-C4FB06483CD9}.Release|x64.ActiveCfg = Release|x64
		{50E68AD4-85E8-4287-A579-C4FB06483CD9}.Release|x64.Build.0 = Release|x64
		{50E68AD4-85E8-4287-A579-C4FB06483CD9}.Release|x86.ActiveCfg = Release|Win32
		{50E68AD4-85E8-4287-A579-C4FB06483CD9}.Release|x86.Build.0 = Release|Win32
		{B6FE6E84-1021-4F6F-9DB1-E781F204C7C1}.Debug|x64.ActiveCfg = Debug|x64
		{B6FE6E84-1021-4F6F-9DB1-E781F204C7C1}.Debug|x64.Build.0 = Debug|x64
		{B6FE6E84-1021-4F6F-9DB1-E781F204C7C1}.Debug|x86.ActiveCfg = Debug|Win32
		{B6FE6E84-1021-4F6F-9DB1-E781F204C7C1}.Debug|x86.Build.0 = Debug|Win32
		{B6FE6E84-1021-4F6F-9DB1-E781F204C7C1}.Release|x64.ActiveCfg = Release|x64
		{B6FE6E84-1021-4F6F-9DB1-E781F204C7C1}.Release|x64.Build.0 = Release|x64
		{B6FE6E84-1021-4F6F-9DB1-E781F204C7C1}.Release|x86.ActiveCfg = Release|Win32
		{B6FE6E84-1021-4F6F-9DB1-E781F204C7C1}.Release|x86.Build.0 = Release|Win32
		{2310A500-E202-44A6-B60D-A271F0CC69F6}.Debug|x64.ActiveCfg = Debug|x64
		{2310A500-E202-44A6-B60D-A271F0CC69F6}.Debug|x64.Build.0 = Debug|x64
		{2310A500-E202-44A6-B60D-A271F0CC69F6}.Debug|x86.ActiveCfg = Debug|Win32
		{2310A500-E202-44A6-B60D-A271F0CC69F6}.Debug|x86.Build.0 = Debug|Win32
		{2310A500-E202-44A6-B60D-A271F0CC69F6}.Release|x64.ActiveCfg = Release|x64
		{2310A500-E202-44A6-B60D-A271F0CC69F6}.Release|x64.Build.0 = Release|x64
		{2310A500-E202-44A6-B60D-A271F0CC69F6}.Release|x86.ActiveCfg = Release|Win32
		{2310A500-E202-44A6-B60D-A271F0CC69F6}.Release|x86.Build.0 = Release|Win32
		{E2CB55B9-BF56-477B-A7A4-16B59388570A}.Debug|x64.ActiveCfg = Debug|x64
		{E2CB55B9-BF56-477B-A7A4-16B59388570A}.Debug|x64.Build.0 = Debug|x64
		{E2CB55B9-BF56-477B-A7A4-16B59388570A}.Debug|x86.ActiveCfg = Debug|Win32
		{E2CB55B9-BF56-477B-A7A4-16B59388570A}.Debug|x86.Build.0 = Debug|Win32
		{E2CB55B9-BF56-477B-A7A4-16B59388570A}.Release|x64.ActiveCfg = Release|x64
		{E2CB55B9-BF56-477B-A7A4-16B59388570A}.Release|x64.Build.0 = Release|x64
		{E2CB55B9-BF56-477B-A7A4-16B59388570A}.Release|x86.ActiveCfg = Release|Win32
		{E2CB55B9-BF56-477B-A7A4-16B59388570A}.Release|x86.Build.0 = Release|Win32
		{0484907F-32FA-4671-8DD9-445063F32F39}.Debug|x64.ActiveCfg = Debug|x64
		{0484907F-32FA-4671-8DD9-445063F32F39}.Debug|x64.Build.0 = Debug|x64
		{0484907F-32FA-4671-8DD9-445063F32F39}.Debug|x86.ActiveCfg = Debug|Win32
		{0484907F-32FA-4671-8DD9-445063F32F39}.Debug|x86.Build.0 = Debug|Win32
		{0484907F-32FA-4671-8DD9-445063F32F39}.Release|x64.ActiveCfg = Release|x64
		{0484907F-32FA-4671-8DD9-445063F32F39}.Release|x64.Build.0 = Release|x64
		{0484907F-32FA-4671-8DD9-445063F32F39}.Release|x86.ActiveCfg = Release|Win32
		{0484907F-32FA-4671-8DD9-445063F32F39}.Release|x86.Build.0 = Release|Win32
	EndGlobalSection
	GlobalSection(SolutionProperties) = preSolution
		HideSolutionNode = FALSE
	EndGlobalSection
	GlobalSection(NestedProjects) = preSolution
		{BE03D7C9-02C0-4833-A6BF-67D3AE2C3F69} = {FD8627C0-EB31-4B51-A213-E25F56EC7D94}
		{160B4ACC-A49E-4A15-95CD-E815A5DFA032} = {FD8627C0-EB31-4B51-A213-E25F56EC7D94}
		{83419DD8-F278-4D38-B508-8F79A7B3719D} = {4EAE6A76-4580-4677-962E-620D960F720D}
		{AF6E1467-44C7-4198-AD09-DBC7DAD7C249} = {1C927962-7A1D-4E7D-8FEB-F598F80DE377}
		{E7F4FB94-1706-4052-9A70-259A31BE93FC} = {3D9C380B-2703-400B-8B27-DE00EBB07028}
		{3FAD5C40-D218-491B-A3FB-4D740984058E} = {3D9C380B-2703-400B-8B27-DE00EBB07028}
		{ADA10758-DF73-4379-997E-56CA3B5DB888} = {3D9C380B-2703-400B-8B27-DE00EBB07028}
		{CE56B962-3791-4867-86A7-6F2E4A070F06} = {3D9C380B-2703-400B-8B27-DE00EBB07028}
		{7D0D3F72-9655-4AC2-9D7E-D4821E254091} = {3D9C380B-2703-400B-8B27-DE00EBB07028}
		{B6FE6E84-1021-4F6F-9DB1-E781F204C7C1} = {3D9C380B-2703-400B-8B27-DE00EBB07028}
		{E2CB55B9-BF56-477B-A7A4-16B59388570A} = {4EAE6A76-4580-4677-962E-620D960F720D}
	EndGlobalSection
	GlobalSection(ExtensibilityGlobals) = postSolution
		SolutionGuid = {50232DDD-968E-4670-A118-9D8B09C4768D}
	EndGlobalSection
EndGlobal
